// !$*UTF8*$!
{
	archiveVersion = 1;
	classes = {
	};
	objectVersion = 46;
	objects = {

/* Begin PBXBuildFile section */
		060DA4A8EE54708B51AA4CA6 /* QuartzCore.framework in Frameworks */ = {isa = PBXBuildFile; fileRef = 09B5CBAC3EC8050AF894A1D4 /* QuartzCore.framework */; };
		0CF60EBC1E76E9422D8D3EF8 /* CoreMedia.framework in Frameworks */ = {isa = PBXBuildFile; fileRef = 923F24D8AE10201766E5653F /* CoreMedia.framework */; };
		42A06A8E350B288A11649F2C /* AVFoundation.framework in Frameworks */ = {isa = PBXBuildFile; fileRef = D916ED9E8A2102E4888CF018 /* AVFoundation.framework */; };
		66667F35982E8EE87C170926 /* CoreText.framework in Frameworks */ = {isa = PBXBuildFile; fileRef = DC7DA293865E3C0C8882A630 /* CoreText.framework */; };
		6CC398CECA11F583D6671439 /* SystemConfiguration.framework in Frameworks */ = {isa = PBXBuildFile; fileRef = 275190E60708EA8191B19467 /* SystemConfiguration.framework */; };
		8126510880A87401F0705F90 /* BuddyBuildSDK.framework in Frameworks */ = {isa = PBXBuildFile; fileRef = 5F723B95302C27AFDC0C3131 /* BuddyBuildSDK.framework */; };
		83D647D31E81B38C0062808F /* AppDelegate.swift in Sources */ = {isa = PBXBuildFile; fileRef = 83D647D21E81B38C0062808F /* AppDelegate.swift */; };
		83D647D51E81B38C0062808F /* ViewController.swift in Sources */ = {isa = PBXBuildFile; fileRef = 83D647D41E81B38C0062808F /* ViewController.swift */; };
		83D647D81E81B38C0062808F /* Main.storyboard in Resources */ = {isa = PBXBuildFile; fileRef = 83D647D61E81B38C0062808F /* Main.storyboard */; };
		83D647DA1E81B38C0062808F /* Assets.xcassets in Resources */ = {isa = PBXBuildFile; fileRef = 83D647D91E81B38C0062808F /* Assets.xcassets */; };
		83D647DD1E81B38C0062808F /* LaunchScreen.storyboard in Resources */ = {isa = PBXBuildFile; fileRef = 83D647DB1E81B38C0062808F /* LaunchScreen.storyboard */; };
		C0C5B58A6292AD9A21553D34 /* AssetsLibrary.framework in Frameworks */ = {isa = PBXBuildFile; fileRef = 3963766307293B7DFAE66A1F /* AssetsLibrary.framework */; };
		D1EEE97CD198A291D2911E32 /* CoreVideo.framework in Frameworks */ = {isa = PBXBuildFile; fileRef = E11288008EF113D3050FB6FD /* CoreVideo.framework */; };
		FA6D81D1C3B8526B8C04E943 /* CoreTelephony.framework in Frameworks */ = {isa = PBXBuildFile; fileRef = 32B9C199EEEC56E84DFDD873 /* CoreTelephony.framework */; };
/* End PBXBuildFile section */

/* Begin PBXFileReference section */
		09B5CBAC3EC8050AF894A1D4 /* QuartzCore.framework */ = {isa = PBXFileReference; lastKnownFileType = wrapper.framework; name = QuartzCore.framework; path = System/Library/Frameworks/QuartzCore.framework; sourceTree = SDKROOT; };
		275190E60708EA8191B19467 /* SystemConfiguration.framework */ = {isa = PBXFileReference; lastKnownFileType = wrapper.framework; name = SystemConfiguration.framework; path = System/Library/Frameworks/SystemConfiguration.framework; sourceTree = SDKROOT; };
		32B9C199EEEC56E84DFDD873 /* CoreTelephony.framework */ = {isa = PBXFileReference; lastKnownFileType = wrapper.framework; name = CoreTelephony.framework; path = System/Library/Frameworks/CoreTelephony.framework; sourceTree = SDKROOT; };
		3963766307293B7DFAE66A1F /* AssetsLibrary.framework */ = {isa = PBXFileReference; lastKnownFileType = wrapper.framework; name = AssetsLibrary.framework; path = System/Library/Frameworks/AssetsLibrary.framework; sourceTree = SDKROOT; };
		5F723B95302C27AFDC0C3131 /* BuddyBuildSDK.framework */ = {isa = PBXFileReference; lastKnownFileType = wrapper.framework; path = BuddyBuildSDK.framework; sourceTree = "<group>"; };
		83D647CF1E81B38C0062808F /* BBTestAppSwiftCrash.app */ = {isa = PBXFileReference; explicitFileType = wrapper.application; includeInIndex = 0; path = BBTestAppSwiftCrash.app; sourceTree = BUILT_PRODUCTS_DIR; };
		83D647D21E81B38C0062808F /* AppDelegate.swift */ = {isa = PBXFileReference; lastKnownFileType = sourcecode.swift; path = AppDelegate.swift; sourceTree = "<group>"; };
		83D647D41E81B38C0062808F /* ViewController.swift */ = {isa = PBXFileReference; lastKnownFileType = sourcecode.swift; path = ViewController.swift; sourceTree = "<group>"; };
		83D647D71E81B38C0062808F /* Base */ = {isa = PBXFileReference; lastKnownFileType = file.storyboard; name = Base; path = Base.lproj/Main.storyboard; sourceTree = "<group>"; };
		83D647D91E81B38C0062808F /* Assets.xcassets */ = {isa = PBXFileReference; lastKnownFileType = folder.assetcatalog; path = Assets.xcassets; sourceTree = "<group>"; };
		83D647DC1E81B38C0062808F /* Base */ = {isa = PBXFileReference; lastKnownFileType = file.storyboard; name = Base; path = Base.lproj/LaunchScreen.storyboard; sourceTree = "<group>"; };
		83D647DE1E81B38C0062808F /* Info.plist */ = {isa = PBXFileReference; lastKnownFileType = text.plist.xml; path = Info.plist; sourceTree = "<group>"; };
		923F24D8AE10201766E5653F /* CoreMedia.framework */ = {isa = PBXFileReference; lastKnownFileType = wrapper.framework; name = CoreMedia.framework; path = System/Library/Frameworks/CoreMedia.framework; sourceTree = SDKROOT; };
		D916ED9E8A2102E4888CF018 /* AVFoundation.framework */ = {isa = PBXFileReference; lastKnownFileType = wrapper.framework; name = AVFoundation.framework; path = System/Library/Frameworks/AVFoundation.framework; sourceTree = SDKROOT; };
		DC7DA293865E3C0C8882A630 /* CoreText.framework */ = {isa = PBXFileReference; lastKnownFileType = wrapper.framework; name = CoreText.framework; path = System/Library/Frameworks/CoreText.framework; sourceTree = SDKROOT; };
		E11288008EF113D3050FB6FD /* CoreVideo.framework */ = {isa = PBXFileReference; lastKnownFileType = wrapper.framework; name = CoreVideo.framework; path = System/Library/Frameworks/CoreVideo.framework; sourceTree = SDKROOT; };
		F707DF3B5B78077D97316EEB /* Bridging-Header.h */ = {isa = PBXFileReference; includeInIndex = 1; lastKnownFileType = sourcecode.c.h; path = "Bridging-Header.h"; sourceTree = "<group>"; };
/* End PBXFileReference section */

/* Begin PBXFrameworksBuildPhase section */
		83D647CC1E81B38C0062808F /* Frameworks */ = {
			isa = PBXFrameworksBuildPhase;
			buildActionMask = 2147483647;
			files = (
				8126510880A87401F0705F90 /* BuddyBuildSDK.framework in Frameworks */,
				C0C5B58A6292AD9A21553D34 /* AssetsLibrary.framework in Frameworks */,
				66667F35982E8EE87C170926 /* CoreText.framework in Frameworks */,
				FA6D81D1C3B8526B8C04E943 /* CoreTelephony.framework in Frameworks */,
				6CC398CECA11F583D6671439 /* SystemConfiguration.framework in Frameworks */,
				060DA4A8EE54708B51AA4CA6 /* QuartzCore.framework in Frameworks */,
				42A06A8E350B288A11649F2C /* AVFoundation.framework in Frameworks */,
				0CF60EBC1E76E9422D8D3EF8 /* CoreMedia.framework in Frameworks */,
				D1EEE97CD198A291D2911E32 /* CoreVideo.framework in Frameworks */,
			);
			runOnlyForDeploymentPostprocessing = 0;
		};
/* End PBXFrameworksBuildPhase section */

/* Begin PBXGroup section */
		83D647C61E81B38C0062808F = {
			isa = PBXGroup;
			children = (
				83D647D11E81B38C0062808F /* BBTestAppSwiftCrash */,
				83D647D01E81B38C0062808F /* Products */,
				F622273388B54479B0FA8DD2 /* Frameworks */,
				F707DF3B5B78077D97316EEB /* Bridging-Header.h */,
			);
			sourceTree = "<group>";
		};
		83D647D01E81B38C0062808F /* Products */ = {
			isa = PBXGroup;
			children = (
				83D647CF1E81B38C0062808F /* BBTestAppSwiftCrash.app */,
			);
			name = Products;
			sourceTree = "<group>";
		};
		83D647D11E81B38C0062808F /* BBTestAppSwiftCrash */ = {
			isa = PBXGroup;
			children = (
				83D647D21E81B38C0062808F /* AppDelegate.swift */,
				83D647D41E81B38C0062808F /* ViewController.swift */,
				83D647D61E81B38C0062808F /* Main.storyboard */,
				83D647D91E81B38C0062808F /* Assets.xcassets */,
				83D647DB1E81B38C0062808F /* LaunchScreen.storyboard */,
				83D647DE1E81B38C0062808F /* Info.plist */,
			);
			path = BBTestAppSwiftCrash;
			sourceTree = "<group>";
		};
		F622273388B54479B0FA8DD2 /* Frameworks */ = {
			isa = PBXGroup;
			children = (
				5F723B95302C27AFDC0C3131 /* BuddyBuildSDK.framework */,
				3963766307293B7DFAE66A1F /* AssetsLibrary.framework */,
				DC7DA293865E3C0C8882A630 /* CoreText.framework */,
				32B9C199EEEC56E84DFDD873 /* CoreTelephony.framework */,
				275190E60708EA8191B19467 /* SystemConfiguration.framework */,
				09B5CBAC3EC8050AF894A1D4 /* QuartzCore.framework */,
				D916ED9E8A2102E4888CF018 /* AVFoundation.framework */,
				923F24D8AE10201766E5653F /* CoreMedia.framework */,
				E11288008EF113D3050FB6FD /* CoreVideo.framework */,
			);
			name = Frameworks;
			sourceTree = "<group>";
		};
/* End PBXGroup section */

/* Begin PBXNativeTarget section */
		83D647CE1E81B38C0062808F /* BBTestAppSwiftCrash */ = {
			isa = PBXNativeTarget;
			buildConfigurationList = 83D647E11E81B38C0062808F /* Build configuration list for PBXNativeTarget "BBTestAppSwiftCrash" */;
			buildPhases = (
				83D647CB1E81B38C0062808F /* Sources */,
				83D647CC1E81B38C0062808F /* Frameworks */,
				83D647CD1E81B38C0062808F /* Resources */,
			);
			buildRules = (
			);
			dependencies = (
			);
			name = BBTestAppSwiftCrash;
			productName = BBTestAppSwiftCrash;
			productReference = 83D647CF1E81B38C0062808F /* BBTestAppSwiftCrash.app */;
			productType = "com.apple.product-type.application";
		};
/* End PBXNativeTarget section */

/* Begin PBXProject section */
		83D647C71E81B38C0062808F /* Project object */ = {
			isa = PBXProject;
			attributes = {
				LastSwiftUpdateCheck = 0820;
				LastUpgradeCheck = 0820;
				ORGANIZATIONNAME = "Chris Stott";
				TargetAttributes = {
					83D647CE1E81B38C0062808F = {
						CreatedOnToolsVersion = 8.2;
						DevelopmentTeam = L4FET847JL;
						ProvisioningStyle = Automatic;
					};
				};
			};
			buildConfigurationList = 83D647CA1E81B38C0062808F /* Build configuration list for PBXProject "BBTestAppSwiftCrash" */;
			compatibilityVersion = "Xcode 3.2";
			developmentRegion = English;
			hasScannedForEncodings = 0;
			knownRegions = (
				en,
				Base,
			);
			mainGroup = 83D647C61E81B38C0062808F;
			productRefGroup = 83D647D01E81B38C0062808F /* Products */;
			projectDirPath = "";
			projectRoot = "";
			targets = (
				83D647CE1E81B38C0062808F /* BBTestAppSwiftCrash */,
			);
		};
/* End PBXProject section */

/* Begin PBXResourcesBuildPhase section */
		83D647CD1E81B38C0062808F /* Resources */ = {
			isa = PBXResourcesBuildPhase;
			buildActionMask = 2147483647;
			files = (
				83D647DD1E81B38C0062808F /* LaunchScreen.storyboard in Resources */,
				83D647DA1E81B38C0062808F /* Assets.xcassets in Resources */,
				83D647D81E81B38C0062808F /* Main.storyboard in Resources */,
			);
			runOnlyForDeploymentPostprocessing = 0;
		};
/* End PBXResourcesBuildPhase section */

/* Begin PBXSourcesBuildPhase section */
		83D647CB1E81B38C0062808F /* Sources */ = {
			isa = PBXSourcesBuildPhase;
			buildActionMask = 2147483647;
			files = (
				83D647D51E81B38C0062808F /* ViewController.swift in Sources */,
				83D647D31E81B38C0062808F /* AppDelegate.swift in Sources */,
			);
			runOnlyForDeploymentPostprocessing = 0;
		};
/* End PBXSourcesBuildPhase section */

/* Begin PBXVariantGroup section */
		83D647D61E81B38C0062808F /* Main.storyboard */ = {
			isa = PBXVariantGroup;
			children = (
				83D647D71E81B38C0062808F /* Base */,
			);
			name = Main.storyboard;
			sourceTree = "<group>";
		};
		83D647DB1E81B38C0062808F /* LaunchScreen.storyboard */ = {
			isa = PBXVariantGroup;
			children = (
				83D647DC1E81B38C0062808F /* Base */,
			);
			name = LaunchScreen.storyboard;
			sourceTree = "<group>";
		};
/* End PBXVariantGroup section */

/* Begin XCBuildConfiguration section */
		83D647DF1E81B38C0062808F /* Debug */ = {
			isa = XCBuildConfiguration;
			buildSettings = {
				ALWAYS_SEARCH_USER_PATHS = NO;
				CLANG_ANALYZER_NONNULL = YES;
				CLANG_CXX_LANGUAGE_STANDARD = "gnu++0x";
				CLANG_CXX_LIBRARY = "libc++";
				CLANG_ENABLE_MODULES = YES;
				CLANG_ENABLE_OBJC_ARC = YES;
				CLANG_WARN_BOOL_CONVERSION = YES;
				CLANG_WARN_CONSTANT_CONVERSION = YES;
				CLANG_WARN_DIRECT_OBJC_ISA_USAGE = YES_ERROR;
				CLANG_WARN_DOCUMENTATION_COMMENTS = YES;
				CLANG_WARN_EMPTY_BODY = YES;
				CLANG_WARN_ENUM_CONVERSION = YES;
				CLANG_WARN_INFINITE_RECURSION = YES;
				CLANG_WARN_INT_CONVERSION = YES;
				CLANG_WARN_OBJC_ROOT_CLASS = YES_ERROR;
				CLANG_WARN_SUSPICIOUS_MOVE = YES;
				CLANG_WARN_UNREACHABLE_CODE = YES;
				CLANG_WARN__DUPLICATE_METHOD_MATCH = YES;
				"CODE_SIGN_IDENTITY[sdk=iphoneos*]" = "iPhone Developer";
				COPY_PHASE_STRIP = NO;
				DEBUG_INFORMATION_FORMAT = dwarf;
				ENABLE_STRICT_OBJC_MSGSEND = YES;
				ENABLE_TESTABILITY = YES;
				GCC_C_LANGUAGE_STANDARD = gnu99;
				GCC_DYNAMIC_NO_PIC = NO;
				GCC_NO_COMMON_BLOCKS = YES;
				GCC_OPTIMIZATION_LEVEL = 0;
				GCC_PREPROCESSOR_DEFINITIONS = (
					"DEBUG=1",
					"$(inherited)",
				);
				GCC_WARN_64_TO_32_BIT_CONVERSION = YES;
				GCC_WARN_ABOUT_RETURN_TYPE = YES_ERROR;
				GCC_WARN_UNDECLARED_SELECTOR = YES;
				GCC_WARN_UNINITIALIZED_AUTOS = YES_AGGRESSIVE;
				GCC_WARN_UNUSED_FUNCTION = YES;
				GCC_WARN_UNUSED_VARIABLE = YES;
				IPHONEOS_DEPLOYMENT_TARGET = 10.2;
				MTL_ENABLE_DEBUG_INFO = YES;
				ONLY_ACTIVE_ARCH = YES;
				SDKROOT = iphoneos;
				SWIFT_ACTIVE_COMPILATION_CONDITIONS = DEBUG;
				SWIFT_OPTIMIZATION_LEVEL = "-Onone";
			};
			name = Debug;
		};
		83D647E01E81B38C0062808F /* Release */ = {
			isa = XCBuildConfiguration;
			buildSettings = {
				ALWAYS_SEARCH_USER_PATHS = NO;
				CLANG_ANALYZER_NONNULL = YES;
				CLANG_CXX_LANGUAGE_STANDARD = "gnu++0x";
				CLANG_CXX_LIBRARY = "libc++";
				CLANG_ENABLE_MODULES = YES;
				CLANG_ENABLE_OBJC_ARC = YES;
				CLANG_WARN_BOOL_CONVERSION = YES;
				CLANG_WARN_CONSTANT_CONVERSION = YES;
				CLANG_WARN_DIRECT_OBJC_ISA_USAGE = YES_ERROR;
				CLANG_WARN_DOCUMENTATION_COMMENTS = YES;
				CLANG_WARN_EMPTY_BODY = YES;
				CLANG_WARN_ENUM_CONVERSION = YES;
				CLANG_WARN_INFINITE_RECURSION = YES;
				CLANG_WARN_INT_CONVERSION = YES;
				CLANG_WARN_OBJC_ROOT_CLASS = YES_ERROR;
				CLANG_WARN_SUSPICIOUS_MOVE = YES;
				CLANG_WARN_UNREACHABLE_CODE = YES;
				CLANG_WARN__DUPLICATE_METHOD_MATCH = YES;
				"CODE_SIGN_IDENTITY[sdk=iphoneos*]" = "iPhone Developer";
				COPY_PHASE_STRIP = NO;
				DEBUG_INFORMATION_FORMAT = "dwarf-with-dsym";
				ENABLE_NS_ASSERTIONS = NO;
				ENABLE_STRICT_OBJC_MSGSEND = YES;
				GCC_C_LANGUAGE_STANDARD = gnu99;
				GCC_NO_COMMON_BLOCKS = YES;
				GCC_WARN_64_TO_32_BIT_CONVERSION = YES;
				GCC_WARN_ABOUT_RETURN_TYPE = YES_ERROR;
				GCC_WARN_UNDECLARED_SELECTOR = YES;
				GCC_WARN_UNINITIALIZED_AUTOS = YES_AGGRESSIVE;
				GCC_WARN_UNUSED_FUNCTION = YES;
				GCC_WARN_UNUSED_VARIABLE = YES;
				IPHONEOS_DEPLOYMENT_TARGET = 10.2;
				MTL_ENABLE_DEBUG_INFO = NO;
				SDKROOT = iphoneos;
				SWIFT_OPTIMIZATION_LEVEL = "-Owholemodule";
				VALIDATE_PRODUCT = YES;
			};
			name = Release;
		};
		83D647E21E81B38C0062808F /* Debug */ = {
			isa = XCBuildConfiguration;
			buildSettings = {
				ASSETCATALOG_COMPILER_APPICON_NAME = AppIcon;
				DEVELOPMENT_TEAM = L4FET847JL;
				FRAMEWORK_SEARCH_PATHS = (
					"$(inherited)",
					"$(PROJECT_DIR)",
				);
				INFOPLIST_FILE = BBTestAppSwiftCrash/Info.plist;
				LD_RUNPATH_SEARCH_PATHS = "$(inherited) @executable_path/Frameworks";
				PRODUCT_BUNDLE_IDENTIFIER = com.buddybuild.BBTestAppSwiftCrash;
				PRODUCT_NAME = "$(TARGET_NAME)";
				SWIFT_OBJC_BRIDGING_HEADER = "Bridging-Header.h";
				SWIFT_VERSION = 3.0;
			};
			name = Debug;
		};
		83D647E31E81B38C0062808F /* Release */ = {
			isa = XCBuildConfiguration;
			buildSettings = {
				ASSETCATALOG_COMPILER_APPICON_NAME = AppIcon;
				DEVELOPMENT_TEAM = L4FET847JL;
				FRAMEWORK_SEARCH_PATHS = (
					"$(inherited)",
					"$(PROJECT_DIR)",
				);
				INFOPLIST_FILE = BBTestAppSwiftCrash/Info.plist;
				LD_RUNPATH_SEARCH_PATHS = "$(inherited) @executable_path/Frameworks";
				PRODUCT_BUNDLE_IDENTIFIER = com.buddybuild.BBTestAppSwiftCrash;
				PRODUCT_NAME = "$(TARGET_NAME)";
				SWIFT_OBJC_BRIDGING_HEADER = "Bridging-Header.h";
				SWIFT_VERSION = 3.0;
			};
			name = Release;
		};
/* End XCBuildConfiguration section */

/* Begin XCConfigurationList section */
		83D647CA1E81B38C0062808F /* Build configuration list for PBXProject "BBTestAppSwiftCrash" */ = {
			isa = XCConfigurationList;
			buildConfigurations = (
				83D647DF1E81B38C0062808F /* Debug */,
				83D647E01E81B38C0062808F /* Release */,
			);
			defaultConfigurationIsVisible = 0;
			defaultConfigurationName = Release;
		};
		83D647E11E81B38C0062808F /* Build configuration list for PBXNativeTarget "BBTestAppSwiftCrash" */ = {
			isa = XCConfigurationList;
			buildConfigurations = (
				83D647E21E81B38C0062808F /* Debug */,
				83D647E31E81B38C0062808F /* Release */,
			);
			defaultConfigurationIsVisible = 0;
			defaultConfigurationName = Release;
		};
/* End XCConfigurationList section */
	};
	rootObject = 83D647C71E81B38C0062808F /* Project object */;
}
